// !$*UTF8*$!
{
	archiveVersion = 1;
	classes = {
	};
	objectVersion = 56;
	objects = {

/* Begin PBXBuildFile section */
		0685E7012E7AE8B200001F9D /* Bootcamp_Odevi_9App.swift in Sources */ = {isa = PBXBuildFile; fileRef = 0685E7002E7AE8B200001F9D /* Bootcamp_Odevi_9App.swift */; };
		0685E7032E7AE8B200001F9D /* ContentView.swift in Sources */ = {isa = PBXBuildFile; fileRef = 0685E7022E7AE8B200001F9D /* ContentView.swift */; };
		0685E7052E7AE8B300001F9D /* Assets.xcassets in Resources */ = {isa = PBXBuildFile; fileRef = 0685E7042E7AE8B300001F9D /* Assets.xcassets */; };
		0685E7082E7AE8B300001F9D /* Preview Assets.xcassets in Resources */ = {isa = PBXBuildFile; fileRef = 0685E7072E7AE8B300001F9D /* Preview Assets.xcassets */; };
		0685E70A2E7AE8B300001F9D /* Persistence.swift in Sources */ = {isa = PBXBuildFile; fileRef = 0685E7092E7AE8B300001F9D /* Persistence.swift */; };
		0685E70D2E7AE8B300001F9D /* NotesModel.xcdatamodeld in Sources */ = {isa = PBXBuildFile; fileRef = 0685E70B2E7AE8B300001F9D /* NotesModel.xcdatamodeld */; };
		0685E7162E7AEA5200001F9D /* Note+Extensions.swift in Sources */ = {isa = PBXBuildFile; fileRef = 0685E7152E7AEA5200001F9D /* Note+Extensions.swift */; };
		0685E7182E7AEA6B00001F9D /* NoteViewModel.swift in Sources */ = {isa = PBXBuildFile; fileRef = 0685E7172E7AEA6B00001F9D /* NoteViewModel.swift */; };
		0685E71A2E7AEAB900001F9D /* AddNoteview.swift in Sources */ = {isa = PBXBuildFile; fileRef = 0685E7192E7AEAB900001F9D /* AddNoteview.swift */; };
		0685E71C2E7AEACF00001F9D /* EditNoteView.swift in Sources */ = {isa = PBXBuildFile; fileRef = 0685E71B2E7AEACF00001F9D /* EditNoteView.swift */; };
/* End PBXBuildFile section */

/* Begin PBXFileReference section */
		0685E6FD2E7AE8B200001F9D /* Bootcamp_Odevi_9.app */ = {isa = PBXFileReference; explicitFileType = wrapper.application; includeInIndex = 0; path = Bootcamp_Odevi_9.app; sourceTree = BUILT_PRODUCTS_DIR; };
		0685E7002E7AE8B200001F9D /* Bootcamp_Odevi_9App.swift */ = {isa = PBXFileReference; lastKnownFileType = sourcecode.swift; path = Bootcamp_Odevi_9App.swift; sourceTree = "<group>"; };
		0685E7022E7AE8B200001F9D /* ContentView.swift */ = {isa = PBXFileReference; lastKnownFileType = sourcecode.swift; path = ContentView.swift; sourceTree = "<group>"; };
		0685E7042E7AE8B300001F9D /* Assets.xcassets */ = {isa = PBXFileReference; lastKnownFileType = folder.assetcatalog; path = Assets.xcassets; sourceTree = "<group>"; };
		0685E7072E7AE8B300001F9D /* Preview Assets.xcassets */ = {isa = PBXFileReference; lastKnownFileType = folder.assetcatalog; path = "Preview Assets.xcassets"; sourceTree = "<group>"; };
		0685E7092E7AE8B300001F9D /* Persistence.swift */ = {isa = PBXFileReference; lastKnownFileType = sourcecode.swift; path = Persistence.swift; sourceTree = "<group>"; };
		0685E70C2E7AE8B300001F9D /* Bootcamp_Odevi_9.xcdatamodel */ = {isa = PBXFileReference; lastKnownFileType = wrapper.xcdatamodel; path = Bootcamp_Odevi_9.xcdatamodel; sourceTree = "<group>"; };
		0685E7152E7AEA5200001F9D /* Note+Extensions.swift */ = {isa = PBXFileReference; lastKnownFileType = sourcecode.swift; path = "Note+Extensions.swift"; sourceTree = "<group>"; };
		0685E7172E7AEA6B00001F9D /* NoteViewModel.swift */ = {isa = PBXFileReference; lastKnownFileType = sourcecode.swift; path = NoteViewModel.swift; sourceTree = "<group>"; };
		0685E7192E7AEAB900001F9D /* AddNoteview.swift */ = {isa = PBXFileReference; lastKnownFileType = sourcecode.swift; path = AddNoteview.swift; sourceTree = "<group>"; };
		0685E71B2E7AEACF00001F9D /* EditNoteView.swift */ = {isa = PBXFileReference; lastKnownFileType = sourcecode.swift; path = EditNoteView.swift; sourceTree = "<group>"; };
/* End PBXFileReference section */

/* Begin PBXFrameworksBuildPhase section */
		0685E6FA2E7AE8B200001F9D /* Frameworks */ = {
			isa = PBXFrameworksBuildPhase;
			buildActionMask = 2147483647;
			files = (
			);
			runOnlyForDeploymentPostprocessing = 0;
		};
/* End PBXFrameworksBuildPhase section */

/* Begin PBXGroup section */
		06687D2C2E7B13A60059A4BB /* ViewModel */ = {
			isa = PBXGroup;
			children = (
				0685E7172E7AEA6B00001F9D /* NoteViewModel.swift */,
			);
			path = ViewModel;
			sourceTree = "<group>";
		};
		06687D2D2E7B13B10059A4BB /* View */ = {
			isa = PBXGroup;
			children = (
				0685E7022E7AE8B200001F9D /* ContentView.swift */,
				0685E7192E7AEAB900001F9D /* AddNoteview.swift */,
				0685E71B2E7AEACF00001F9D /* EditNoteView.swift */,
			);
			path = View;
			sourceTree = "<group>";
		};
		06687D2E2E7B1A770059A4BB /* Extensions */ = {
			isa = PBXGroup;
			children = (
				0685E7152E7AEA5200001F9D /* Note+Extensions.swift */,
			);
			path = Extensions;
			sourceTree = "<group>";
		};
		06687D2F2E7B1A9D0059A4BB /* Model */ = {
			isa = PBXGroup;
			children = (
				0685E70B2E7AE8B300001F9D /* NotesModel.xcdatamodeld */,
			);
			path = Model;
			sourceTree = "<group>";
		};
		0685E6F42E7AE8B200001F9D = {
			isa = PBXGroup;
			children = (
				0685E6FF2E7AE8B200001F9D /* Bootcamp_Odevi_9 */,
				0685E6FE2E7AE8B200001F9D /* Products */,
			);
			sourceTree = "<group>";
		};
		0685E6FE2E7AE8B200001F9D /* Products */ = {
			isa = PBXGroup;
			children = (
				0685E6FD2E7AE8B200001F9D /* Bootcamp_Odevi_9.app */,
			);
			name = Products;
			sourceTree = "<group>";
		};
		0685E6FF2E7AE8B200001F9D /* Bootcamp_Odevi_9 */ = {
			isa = PBXGroup;
			children = (
				06687D2D2E7B13B10059A4BB /* View */,
				06687D2C2E7B13A60059A4BB /* ViewModel */,
				06687D2F2E7B1A9D0059A4BB /* Model */,
				06687D2E2E7B1A770059A4BB /* Extensions */,
				0685E7092E7AE8B300001F9D /* Persistence.swift */,
				0685E7002E7AE8B200001F9D /* Bootcamp_Odevi_9App.swift */,
				0685E7042E7AE8B300001F9D /* Assets.xcassets */,
				0685E7062E7AE8B300001F9D /* Preview Content */,
			);
			path = Bootcamp_Odevi_9;
			sourceTree = "<group>";
		};
		0685E7062E7AE8B300001F9D /* Preview Content */ = {
			isa = PBXGroup;
			children = (
				0685E7072E7AE8B300001F9D /* Preview Assets.xcassets */,
			);
			path = "Preview Content";
			sourceTree = "<group>";
		};
/* End PBXGroup section */

/* Begin PBXNativeTarget section */
		0685E6FC2E7AE8B200001F9D /* Bootcamp_Odevi_9 */ = {
			isa = PBXNativeTarget;
			buildConfigurationList = 0685E7102E7AE8B300001F9D /* Build configuration list for PBXNativeTarget "Bootcamp_Odevi_9" */;
			buildPhases = (
				0685E6F92E7AE8B200001F9D /* Sources */,
				0685E6FA2E7AE8B200001F9D /* Frameworks */,
				0685E6FB2E7AE8B200001F9D /* Resources */,
			);
			buildRules = (
			);
			dependencies = (
			);
			name = Bootcamp_Odevi_9;
			productName = Bootcamp_Odevi_9;
			productReference = 0685E6FD2E7AE8B200001F9D /* Bootcamp_Odevi_9.app */;
			productType = "com.apple.product-type.application";
		};
/* End PBXNativeTarget section */

/* Begin PBXProject section */
		0685E6F52E7AE8B200001F9D /* Project object */ = {
			isa = PBXProject;
			attributes = {
				BuildIndependentTargetsInParallel = 1;
				LastSwiftUpdateCheck = 1530;
				LastUpgradeCheck = 1530;
				TargetAttributes = {
					0685E6FC2E7AE8B200001F9D = {
						CreatedOnToolsVersion = 15.3;
					};
				};
			};
			buildConfigurationList = 0685E6F82E7AE8B200001F9D /* Build configuration list for PBXProject "Bootcamp_Odevi_9" */;
			compatibilityVersion = "Xcode 14.0";
			developmentRegion = en;
			hasScannedForEncodings = 0;
			knownRegions = (
				en,
				Base,
			);
			mainGroup = 0685E6F42E7AE8B200001F9D;
			productRefGroup = 0685E6FE2E7AE8B200001F9D /* Products */;
			projectDirPath = "";
			projectRoot = "";
			targets = (
				0685E6FC2E7AE8B200001F9D /* Bootcamp_Odevi_9 */,
			);
		};
/* End PBXProject section */

/* Begin PBXResourcesBuildPhase section */
		0685E6FB2E7AE8B200001F9D /* Resources */ = {
			isa = PBXResourcesBuildPhase;
			buildActionMask = 2147483647;
			files = (
				0685E7082E7AE8B300001F9D /* Preview Assets.xcassets in Resources */,
				0685E7052E7AE8B300001F9D /* Assets.xcassets in Resources */,
			);
			runOnlyForDeploymentPostprocessing = 0;
		};
/* End PBXResourcesBuildPhase section */

/* Begin PBXSourcesBuildPhase section */
		0685E6F92E7AE8B200001F9D /* Sources */ = {
			isa = PBXSourcesBuildPhase;
			buildActionMask = 2147483647;
			files = (
				0685E70D2E7AE8B300001F9D /* NotesModel.xcdatamodeld in Sources */,
				0685E7162E7AEA5200001F9D /* Note+Extensions.swift in Sources */,
				0685E7182E7AEA6B00001F9D /* NoteViewModel.swift in Sources */,
				0685E71A2E7AEAB900001F9D /* AddNoteview.swift in Sources */,
				0685E71C2E7AEACF00001F9D /* EditNoteView.swift in Sources */,
				0685E70A2E7AE8B300001F9D /* Persistence.swift in Sources */,
				0685E7032E7AE8B200001F9D /* ContentView.swift in Sources */,
				0685E7012E7AE8B200001F9D /* Bootcamp_Odevi_9App.swift in Sources */,
			);
			runOnlyForDeploymentPostprocessing = 0;
		};
/* End PBXSourcesBuildPhase section */

/* Begin XCBuildConfiguration section */
		0685E70E2E7AE8B300001F9D /* Debug */ = {
			isa = XCBuildConfiguration;
			buildSettings = {
				ALWAYS_SEARCH_USER_PATHS = NO;
				ASSETCATALOG_COMPILER_GENERATE_SWIFT_ASSET_SYMBOL_EXTENSIONS = YES;
				CLANG_ANALYZER_NONNULL = YES;
				CLANG_ANALYZER_NUMBER_OBJECT_CONVERSION = YES_AGGRESSIVE;
				CLANG_CXX_LANGUAGE_STANDARD = "gnu++20";
				CLANG_ENABLE_MODULES = YES;
				CLANG_ENABLE_OBJC_ARC = YES;
				CLANG_ENABLE_OBJC_WEAK = YES;
				CLANG_WARN_BLOCK_CAPTURE_AUTORELEASING = YES;
				CLANG_WARN_BOOL_CONVERSION = YES;
				CLANG_WARN_COMMA = YES;
				CLANG_WARN_CONSTANT_CONVERSION = YES;
				CLANG_WARN_DEPRECATED_OBJC_IMPLEMENTATIONS = YES;
				CLANG_WARN_DIRECT_OBJC_ISA_USAGE = YES_ERROR;
				CLANG_WARN_DOCUMENTATION_COMMENTS = YES;
				CLANG_WARN_EMPTY_BODY = YES;
				CLANG_WARN_ENUM_CONVERSION = YES;
				CLANG_WARN_INFINITE_RECURSION = YES;
				CLANG_WARN_INT_CONVERSION = YES;
				CLANG_WARN_NON_LITERAL_NULL_CONVERSION = YES;
				CLANG_WARN_OBJC_IMPLICIT_RETAIN_SELF = YES;
				CLANG_WARN_OBJC_LITERAL_CONVERSION = YES;
				CLANG_WARN_OBJC_ROOT_CLASS = YES_ERROR;
				CLANG_WARN_QUOTED_INCLUDE_IN_FRAMEWORK_HEADER = YES;
				CLANG_WARN_RANGE_LOOP_ANALYSIS = YES;
				CLANG_WARN_STRICT_PROTOTYPES = YES;
				CLANG_WARN_SUSPICIOUS_MOVE = YES;
				CLANG_WARN_UNGUARDED_AVAILABILITY = YES_AGGRESSIVE;
				CLANG_WARN_UNREACHABLE_CODE = YES;
				CLANG_WARN__DUPLICATE_METHOD_MATCH = YES;
				COPY_PHASE_STRIP = NO;
				DEBUG_INFORMATION_FORMAT = dwarf;
				ENABLE_STRICT_OBJC_MSGSEND = YES;
				ENABLE_TESTABILITY = YES;
				ENABLE_USER_SCRIPT_SANDBOXING = YES;
				GCC_C_LANGUAGE_STANDARD = gnu17;
				GCC_DYNAMIC_NO_PIC = NO;
				GCC_NO_COMMON_BLOCKS = YES;
				GCC_OPTIMIZATION_LEVEL = 0;
				GCC_PREPROCESSOR_DEFINITIONS = (
					"DEBUG=1",
					"$(inherited)",
				);
				GCC_WARN_64_TO_32_BIT_CONVERSION = YES;
				GCC_WARN_ABOUT_RETURN_TYPE = YES_ERROR;
				GCC_WARN_UNDECLARED_SELECTOR = YES;
				GCC_WARN_UNINITIALIZED_AUTOS = YES_AGGRESSIVE;
				GCC_WARN_UNUSED_FUNCTION = YES;
				GCC_WARN_UNUSED_VARIABLE = YES;
				IPHONEOS_DEPLOYMENT_TARGET = 17.4;
				LOCALIZATION_PREFERS_STRING_CATALOGS = YES;
				MTL_ENABLE_DEBUG_INFO = INCLUDE_SOURCE;
				MTL_FAST_MATH = YES;
				ONLY_ACTIVE_ARCH = YES;
				SDKROOT = iphoneos;
				SWIFT_ACTIVE_COMPILATION_CONDITIONS = "DEBUG $(inherited)";
				SWIFT_OPTIMIZATION_LEVEL = "-Onone";
			};
			name = Debug;
		};
		0685E70F2E7AE8B300001F9D /* Release */ = {
			isa = XCBuildConfiguration;
			buildSettings = {
				ALWAYS_SEARCH_USER_PATHS = NO;
				ASSETCATALOG_COMPILER_GENERATE_SWIFT_ASSET_SYMBOL_EXTENSIONS = YES;
				CLANG_ANALYZER_NONNULL = YES;
				CLANG_ANALYZER_NUMBER_OBJECT_CONVERSION = YES_AGGRESSIVE;
				CLANG_CXX_LANGUAGE_STANDARD = "gnu++20";
				CLANG_ENABLE_MODULES = YES;
				CLANG_ENABLE_OBJC_ARC = YES;
				CLANG_ENABLE_OBJC_WEAK = YES;
				CLANG_WARN_BLOCK_CAPTURE_AUTORELEASING = YES;
				CLANG_WARN_BOOL_CONVERSION = YES;
				CLANG_WARN_COMMA = YES;
				CLANG_WARN_CONSTANT_CONVERSION = YES;
				CLANG_WARN_DEPRECATED_OBJC_IMPLEMENTATIONS = YES;
				CLANG_WARN_DIRECT_OBJC_ISA_USAGE = YES_ERROR;
				CLANG_WARN_DOCUMENTATION_COMMENTS = YES;
				CLANG_WARN_EMPTY_BODY = YES;
				CLANG_WARN_ENUM_CONVERSION = YES;
				CLANG_WARN_INFINITE_RECURSION = YES;
				CLANG_WARN_INT_CONVERSION = YES;
				CLANG_WARN_NON_LITERAL_NULL_CONVERSION = YES;
				CLANG_WARN_OBJC_IMPLICIT_RETAIN_SELF = YES;
				CLANG_WARN_OBJC_LITERAL_CONVERSION = YES;
				CLANG_WARN_OBJC_ROOT_CLASS = YES_ERROR;
				CLANG_WARN_QUOTED_INCLUDE_IN_FRAMEWORK_HEADER = YES;
				CLANG_WARN_RANGE_LOOP_ANALYSIS = YES;
				CLANG_WARN_STRICT_PROTOTYPES = YES;
				CLANG_WARN_SUSPICIOUS_MOVE = YES;
				CLANG_WARN_UNGUARDED_AVAILABILITY = YES_AGGRESSIVE;
				CLANG_WARN_UNREACHABLE_CODE = YES;
				CLANG_WARN__DUPLICATE_METHOD_MATCH = YES;
				COPY_PHASE_STRIP = NO;
				DEBUG_INFORMATION_FORMAT = "dwarf-with-dsym";
				ENABLE_NS_ASSERTIONS = NO;
				ENABLE_STRICT_OBJC_MSGSEND = YES;
				ENABLE_USER_SCRIPT_SANDBOXING = YES;
				GCC_C_LANGUAGE_STANDARD = gnu17;
				GCC_NO_COMMON_BLOCKS = YES;
				GCC_WARN_64_TO_32_BIT_CONVERSION = YES;
				GCC_WARN_ABOUT_RETURN_TYPE = YES_ERROR;
				GCC_WARN_UNDECLARED_SELECTOR = YES;
				GCC_WARN_UNINITIALIZED_AUTOS = YES_AGGRESSIVE;
				GCC_WARN_UNUSED_FUNCTION = YES;
				GCC_WARN_UNUSED_VARIABLE = YES;
				IPHONEOS_DEPLOYMENT_TARGET = 17.4;
				LOCALIZATION_PREFERS_STRING_CATALOGS = YES;
				MTL_ENABLE_DEBUG_INFO = NO;
				MTL_FAST_MATH = YES;
				SDKROOT = iphoneos;
				SWIFT_COMPILATION_MODE = wholemodule;
				VALIDATE_PRODUCT = YES;
			};
			name = Release;
		};
		0685E7112E7AE8B300001F9D /* Debug */ = {
			isa = XCBuildConfiguration;
			buildSettings = {
				ASSETCATALOG_COMPILER_APPICON_NAME = AppIcon;
				ASSETCATALOG_COMPILER_GLOBAL_ACCENT_COLOR_NAME = AccentColor;
				CODE_SIGN_STYLE = Automatic;
				CURRENT_PROJECT_VERSION = 1;
				DEVELOPMENT_ASSET_PATHS = "\"Bootcamp_Odevi_9/Preview Content\"";
				ENABLE_PREVIEWS = YES;
				GENERATE_INFOPLIST_FILE = YES;
				INFOPLIST_KEY_UIApplicationSceneManifest_Generation = YES;
				INFOPLIST_KEY_UIApplicationSupportsIndirectInputEvents = YES;
				INFOPLIST_KEY_UILaunchScreen_Generation = YES;
				INFOPLIST_KEY_UISupportedInterfaceOrientations_iPad = "UIInterfaceOrientationPortrait UIInterfaceOrientationPortraitUpsideDown UIInterfaceOrientationLandscapeLeft UIInterfaceOrientationLandscapeRight";
				INFOPLIST_KEY_UISupportedInterfaceOrientations_iPhone = "UIInterfaceOrientationPortrait UIInterfaceOrientationLandscapeLeft UIInterfaceOrientationLandscapeRight";
				LD_RUNPATH_SEARCH_PATHS = (
					"$(inherited)",
					"@executable_path/Frameworks",
				);
				MARKETING_VERSION = 1.0;
				PRODUCT_BUNDLE_IDENTIFIER = "com.info.Bootcamp-Odevi-9";
				PRODUCT_NAME = "$(TARGET_NAME)";
				SWIFT_EMIT_LOC_STRINGS = YES;
				SWIFT_VERSION = 5.0;
				TARGETED_DEVICE_FAMILY = "1,2";
			};
			name = Debug;
		};
		0685E7122E7AE8B300001F9D /* Release */ = {
			isa = XCBuildConfiguration;
			buildSettings = {
				ASSETCATALOG_COMPILER_APPICON_NAME = AppIcon;
				ASSETCATALOG_COMPILER_GLOBAL_ACCENT_COLOR_NAME = AccentColor;
				CODE_SIGN_STYLE = Automatic;
				CURRENT_PROJECT_VERSION = 1;
				DEVELOPMENT_ASSET_PATHS = "\"Bootcamp_Odevi_9/Preview Content\"";
				ENABLE_PREVIEWS = YES;
				GENERATE_INFOPLIST_FILE = YES;
				INFOPLIST_KEY_UIApplicationSceneManifest_Generation = YES;
				INFOPLIST_KEY_UIApplicationSupportsIndirectInputEvents = YES;
				INFOPLIST_KEY_UILaunchScreen_Generation = YES;
				INFOPLIST_KEY_UISupportedInterfaceOrientations_iPad = "UIInterfaceOrientationPortrait UIInterfaceOrientationPortraitUpsideDown UIInterfaceOrientationLandscapeLeft UIInterfaceOrientationLandscapeRight";
				INFOPLIST_KEY_UISupportedInterfaceOrientations_iPhone = "UIInterfaceOrientationPortrait UIInterfaceOrientationLandscapeLeft UIInterfaceOrientationLandscapeRight";
				LD_RUNPATH_SEARCH_PATHS = (
					"$(inherited)",
					"@executable_path/Frameworks",
				);
				MARKETING_VERSION = 1.0;
				PRODUCT_BUNDLE_IDENTIFIER = "com.info.Bootcamp-Odevi-9";
				PRODUCT_NAME = "$(TARGET_NAME)";
				SWIFT_EMIT_LOC_STRINGS = YES;
				SWIFT_VERSION = 5.0;
				TARGETED_DEVICE_FAMILY = "1,2";
			};
			name = Release;
		};
/* End XCBuildConfiguration section */

/* Begin XCConfigurationList section */
		0685E6F82E7AE8B200001F9D /* Build configuration list for PBXProject "Bootcamp_Odevi_9" */ = {
			isa = XCConfigurationList;
			buildConfigurations = (
				0685E70E2E7AE8B300001F9D /* Debug */,
				0685E70F2E7AE8B300001F9D /* Release */,
			);
			defaultConfigurationIsVisible = 0;
			defaultConfigurationName = Release;
		};
		0685E7102E7AE8B300001F9D /* Build configuration list for PBXNativeTarget "Bootcamp_Odevi_9" */ = {
			isa = XCConfigurationList;
			buildConfigurations = (
				0685E7112E7AE8B300001F9D /* Debug */,
				0685E7122E7AE8B300001F9D /* Release */,
			);
			defaultConfigurationIsVisible = 0;
			defaultConfigurationName = Release;
		};
/* End XCConfigurationList section */

/* Begin XCVersionGroup section */
		0685E70B2E7AE8B300001F9D /* NotesModel.xcdatamodeld */ = {
			isa = XCVersionGroup;
			children = (
				0685E70C2E7AE8B300001F9D /* Bootcamp_Odevi_9.xcdatamodel */,
			);
			currentVersion = 0685E70C2E7AE8B300001F9D /* Bootcamp_Odevi_9.xcdatamodel */;
			path = NotesModel.xcdatamodeld;
			sourceTree = "<group>";
			versionGroupType = wrapper.xcdatamodel;
		};
/* End XCVersionGroup section */
	};
	rootObject = 0685E6F52E7AE8B200001F9D /* Project object */;
}
