// !$*UTF8*$!
{
	archiveVersion = 1;
	classes = {
	};
	objectVersion = 56;
	objects = {

/* Begin PBXBuildFile section */
		06F29C8E2E748276003B0B85 /* Bootcamp_Odevi_6App.swift in Sources */ = {isa = PBXBuildFile; fileRef = 06F29C8D2E748276003B0B85 /* Bootcamp_Odevi_6App.swift */; };
		06F29C922E748277003B0B85 /* Assets.xcassets in Resources */ = {isa = PBXBuildFile; fileRef = 06F29C912E748277003B0B85 /* Assets.xcassets */; };
		06F29C952E748277003B0B85 /* Preview Assets.xcassets in Resources */ = {isa = PBXBuildFile; fileRef = 06F29C942E748277003B0B85 /* Preview Assets.xcassets */; };
		06F29C9F2E7482A6003B0B85 /* Event.swift in Sources */ = {isa = PBXBuildFile; fileRef = 06F29C9E2E7482A6003B0B85 /* Event.swift */; };
		06F29CA12E7482CC003B0B85 /* EventViewModel.swift in Sources */ = {isa = PBXBuildFile; fileRef = 06F29CA02E7482CC003B0B85 /* EventViewModel.swift */; };
		06F29CA32E74830F003B0B85 /* EventListView.swift in Sources */ = {isa = PBXBuildFile; fileRef = 06F29CA22E74830F003B0B85 /* EventListView.swift */; };
		06F29CA52E748339003B0B85 /* AddEventView.swift in Sources */ = {isa = PBXBuildFile; fileRef = 06F29CA42E748339003B0B85 /* AddEventView.swift */; };
		06F29CA72E748355003B0B85 /* EventDetailView.swift in Sources */ = {isa = PBXBuildFile; fileRef = 06F29CA62E748355003B0B85 /* EventDetailView.swift */; };
/* End PBXBuildFile section */

/* Begin PBXFileReference section */
		06F29C8A2E748276003B0B85 /* Bootcamp_Odevi_6.app */ = {isa = PBXFileReference; explicitFileType = wrapper.application; includeInIndex = 0; path = Bootcamp_Odevi_6.app; sourceTree = BUILT_PRODUCTS_DIR; };
		06F29C8D2E748276003B0B85 /* Bootcamp_Odevi_6App.swift */ = {isa = PBXFileReference; lastKnownFileType = sourcecode.swift; path = Bootcamp_Odevi_6App.swift; sourceTree = "<group>"; };
		06F29C912E748277003B0B85 /* Assets.xcassets */ = {isa = PBXFileReference; lastKnownFileType = folder.assetcatalog; path = Assets.xcassets; sourceTree = "<group>"; };
		06F29C942E748277003B0B85 /* Preview Assets.xcassets */ = {isa = PBXFileReference; lastKnownFileType = folder.assetcatalog; path = "Preview Assets.xcassets"; sourceTree = "<group>"; };
		06F29C9E2E7482A6003B0B85 /* Event.swift */ = {isa = PBXFileReference; lastKnownFileType = sourcecode.swift; path = Event.swift; sourceTree = "<group>"; };
		06F29CA02E7482CC003B0B85 /* EventViewModel.swift */ = {isa = PBXFileReference; lastKnownFileType = sourcecode.swift; path = EventViewModel.swift; sourceTree = "<group>"; };
		06F29CA22E74830F003B0B85 /* EventListView.swift */ = {isa = PBXFileReference; lastKnownFileType = sourcecode.swift; path = EventListView.swift; sourceTree = "<group>"; };
		06F29CA42E748339003B0B85 /* AddEventView.swift */ = {isa = PBXFileReference; lastKnownFileType = sourcecode.swift; path = AddEventView.swift; sourceTree = "<group>"; };
		06F29CA62E748355003B0B85 /* EventDetailView.swift */ = {isa = PBXFileReference; lastKnownFileType = sourcecode.swift; path = EventDetailView.swift; sourceTree = "<group>"; };
/* End PBXFileReference section */

/* Begin PBXFrameworksBuildPhase section */
		06F29C872E748276003B0B85 /* Frameworks */ = {
			isa = PBXFrameworksBuildPhase;
			buildActionMask = 2147483647;
			files = (
			);
			runOnlyForDeploymentPostprocessing = 0;
		};
/* End PBXFrameworksBuildPhase section */

/* Begin PBXGroup section */
		06F29C812E748276003B0B85 = {
			isa = PBXGroup;
			children = (
				06F29C8C2E748276003B0B85 /* Bootcamp_Odevi_6 */,
				06F29C8B2E748276003B0B85 /* Products */,
			);
			sourceTree = "<group>";
		};
		06F29C8B2E748276003B0B85 /* Products */ = {
			isa = PBXGroup;
			children = (
				06F29C8A2E748276003B0B85 /* Bootcamp_Odevi_6.app */,
			);
			name = Products;
			sourceTree = "<group>";
		};
		06F29C8C2E748276003B0B85 /* Bootcamp_Odevi_6 */ = {
			isa = PBXGroup;
			children = (
				06F29C9D2E748292003B0B85 /* View */,
				06F29C9C2E748289003B0B85 /* ModelView */,
				06F29C9B2E748283003B0B85 /* Model */,
				06F29C8D2E748276003B0B85 /* Bootcamp_Odevi_6App.swift */,
				06F29C912E748277003B0B85 /* Assets.xcassets */,
				06F29C932E748277003B0B85 /* Preview Content */,
			);
			path = Bootcamp_Odevi_6;
			sourceTree = "<group>";
		};
		06F29C932E748277003B0B85 /* Preview Content */ = {
			isa = PBXGroup;
			children = (
				06F29C942E748277003B0B85 /* Preview Assets.xcassets */,
			);
			path = "Preview Content";
			sourceTree = "<group>";
		};
		06F29C9B2E748283003B0B85 /* Model */ = {
			isa = PBXGroup;
			children = (
				06F29C9E2E7482A6003B0B85 /* Event.swift */,
			);
			path = Model;
			sourceTree = "<group>";
		};
		06F29C9C2E748289003B0B85 /* ModelView */ = {
			isa = PBXGroup;
			children = (
				06F29CA02E7482CC003B0B85 /* EventViewModel.swift */,
			);
			path = ModelView;
			sourceTree = "<group>";
		};
		06F29C9D2E748292003B0B85 /* View */ = {
			isa = PBXGroup;
			children = (
				06F29CA22E74830F003B0B85 /* EventListView.swift */,
				06F29CA42E748339003B0B85 /* AddEventView.swift */,
				06F29CA62E748355003B0B85 /* EventDetailView.swift */,
			);
			path = View;
			sourceTree = "<group>";
		};
/* End PBXGroup section */

/* Begin PBXNativeTarget section */
		06F29C892E748276003B0B85 /* Bootcamp_Odevi_6 */ = {
			isa = PBXNativeTarget;
			buildConfigurationList = 06F29C982E748277003B0B85 /* Build configuration list for PBXNativeTarget "Bootcamp_Odevi_6" */;
			buildPhases = (
				06F29C862E748276003B0B85 /* Sources */,
				06F29C872E748276003B0B85 /* Frameworks */,
				06F29C882E748276003B0B85 /* Resources */,
			);
			buildRules = (
			);
			dependencies = (
			);
			name = Bootcamp_Odevi_6;
			productName = Bootcamp_Odevi_6;
			productReference = 06F29C8A2E748276003B0B85 /* Bootcamp_Odevi_6.app */;
			productType = "com.apple.product-type.application";
		};
/* End PBXNativeTarget section */

/* Begin PBXProject section */
		06F29C822E748276003B0B85 /* Project object */ = {
			isa = PBXProject;
			attributes = {
				BuildIndependentTargetsInParallel = 1;
				LastSwiftUpdateCheck = 1530;
				LastUpgradeCheck = 1530;
				TargetAttributes = {
					06F29C892E748276003B0B85 = {
						CreatedOnToolsVersion = 15.3;
					};
				};
			};
			buildConfigurationList = 06F29C852E748276003B0B85 /* Build configuration list for PBXProject "Bootcamp_Odevi_6" */;
			compatibilityVersion = "Xcode 14.0";
			developmentRegion = en;
			hasScannedForEncodings = 0;
			knownRegions = (
				en,
				Base,
			);
			mainGroup = 06F29C812E748276003B0B85;
			productRefGroup = 06F29C8B2E748276003B0B85 /* Products */;
			projectDirPath = "";
			projectRoot = "";
			targets = (
				06F29C892E748276003B0B85 /* Bootcamp_Odevi_6 */,
			);
		};
/* End PBXProject section */

/* Begin PBXResourcesBuildPhase section */
		06F29C882E748276003B0B85 /* Resources */ = {
			isa = PBXResourcesBuildPhase;
			buildActionMask = 2147483647;
			files = (
				06F29C952E748277003B0B85 /* Preview Assets.xcassets in Resources */,
				06F29C922E748277003B0B85 /* Assets.xcassets in Resources */,
			);
			runOnlyForDeploymentPostprocessing = 0;
		};
/* End PBXResourcesBuildPhase section */

/* Begin PBXSourcesBuildPhase section */
		06F29C862E748276003B0B85 /* Sources */ = {
			isa = PBXSourcesBuildPhase;
			buildActionMask = 2147483647;
			files = (
				06F29CA32E74830F003B0B85 /* EventListView.swift in Sources */,
				06F29CA52E748339003B0B85 /* AddEventView.swift in Sources */,
				06F29CA12E7482CC003B0B85 /* EventViewModel.swift in Sources */,
				06F29C9F2E7482A6003B0B85 /* Event.swift in Sources */,
				06F29C8E2E748276003B0B85 /* Bootcamp_Odevi_6App.swift in Sources */,
				06F29CA72E748355003B0B85 /* EventDetailView.swift in Sources */,
			);
			runOnlyForDeploymentPostprocessing = 0;
		};
/* End PBXSourcesBuildPhase section */

/* Begin XCBuildConfiguration section */
		06F29C962E748277003B0B85 /* Debug */ = {
			isa = XCBuildConfiguration;
			buildSettings = {
				ALWAYS_SEARCH_USER_PATHS = NO;
				ASSETCATALOG_COMPILER_GENERATE_SWIFT_ASSET_SYMBOL_EXTENSIONS = YES;
				CLANG_ANALYZER_NONNULL = YES;
				CLANG_ANALYZER_NUMBER_OBJECT_CONVERSION = YES_AGGRESSIVE;
				CLANG_CXX_LANGUAGE_STANDARD = "gnu++20";
				CLANG_ENABLE_MODULES = YES;
				CLANG_ENABLE_OBJC_ARC = YES;
				CLANG_ENABLE_OBJC_WEAK = YES;
				CLANG_WARN_BLOCK_CAPTURE_AUTORELEASING = YES;
				CLANG_WARN_BOOL_CONVERSION = YES;
				CLANG_WARN_COMMA = YES;
				CLANG_WARN_CONSTANT_CONVERSION = YES;
				CLANG_WARN_DEPRECATED_OBJC_IMPLEMENTATIONS = YES;
				CLANG_WARN_DIRECT_OBJC_ISA_USAGE = YES_ERROR;
				CLANG_WARN_DOCUMENTATION_COMMENTS = YES;
				CLANG_WARN_EMPTY_BODY = YES;
				CLANG_WARN_ENUM_CONVERSION = YES;
				CLANG_WARN_INFINITE_RECURSION = YES;
				CLANG_WARN_INT_CONVERSION = YES;
				CLANG_WARN_NON_LITERAL_NULL_CONVERSION = YES;
				CLANG_WARN_OBJC_IMPLICIT_RETAIN_SELF = YES;
				CLANG_WARN_OBJC_LITERAL_CONVERSION = YES;
				CLANG_WARN_OBJC_ROOT_CLASS = YES_ERROR;
				CLANG_WARN_QUOTED_INCLUDE_IN_FRAMEWORK_HEADER = YES;
				CLANG_WARN_RANGE_LOOP_ANALYSIS = YES;
				CLANG_WARN_STRICT_PROTOTYPES = YES;
				CLANG_WARN_SUSPICIOUS_MOVE = YES;
				CLANG_WARN_UNGUARDED_AVAILABILITY = YES_AGGRESSIVE;
				CLANG_WARN_UNREACHABLE_CODE = YES;
				CLANG_WARN__DUPLICATE_METHOD_MATCH = YES;
				COPY_PHASE_STRIP = NO;
				DEBUG_INFORMATION_FORMAT = dwarf;
				ENABLE_STRICT_OBJC_MSGSEND = YES;
				ENABLE_TESTABILITY = YES;
				ENABLE_USER_SCRIPT_SANDBOXING = YES;
				GCC_C_LANGUAGE_STANDARD = gnu17;
				GCC_DYNAMIC_NO_PIC = NO;
				GCC_NO_COMMON_BLOCKS = YES;
				GCC_OPTIMIZATION_LEVEL = 0;
				GCC_PREPROCESSOR_DEFINITIONS = (
					"DEBUG=1",
					"$(inherited)",
				);
				GCC_WARN_64_TO_32_BIT_CONVERSION = YES;
				GCC_WARN_ABOUT_RETURN_TYPE = YES_ERROR;
				GCC_WARN_UNDECLARED_SELECTOR = YES;
				GCC_WARN_UNINITIALIZED_AUTOS = YES_AGGRESSIVE;
				GCC_WARN_UNUSED_FUNCTION = YES;
				GCC_WARN_UNUSED_VARIABLE = YES;
				IPHONEOS_DEPLOYMENT_TARGET = 17.4;
				LOCALIZATION_PREFERS_STRING_CATALOGS = YES;
				MTL_ENABLE_DEBUG_INFO = INCLUDE_SOURCE;
				MTL_FAST_MATH = YES;
				ONLY_ACTIVE_ARCH = YES;
				SDKROOT = iphoneos;
				SWIFT_ACTIVE_COMPILATION_CONDITIONS = "DEBUG $(inherited)";
				SWIFT_OPTIMIZATION_LEVEL = "-Onone";
			};
			name = Debug;
		};
		06F29C972E748277003B0B85 /* Release */ = {
			isa = XCBuildConfiguration;
			buildSettings = {
				ALWAYS_SEARCH_USER_PATHS = NO;
				ASSETCATALOG_COMPILER_GENERATE_SWIFT_ASSET_SYMBOL_EXTENSIONS = YES;
				CLANG_ANALYZER_NONNULL = YES;
				CLANG_ANALYZER_NUMBER_OBJECT_CONVERSION = YES_AGGRESSIVE;
				CLANG_CXX_LANGUAGE_STANDARD = "gnu++20";
				CLANG_ENABLE_MODULES = YES;
				CLANG_ENABLE_OBJC_ARC = YES;
				CLANG_ENABLE_OBJC_WEAK = YES;
				CLANG_WARN_BLOCK_CAPTURE_AUTORELEASING = YES;
				CLANG_WARN_BOOL_CONVERSION = YES;
				CLANG_WARN_COMMA = YES;
				CLANG_WARN_CONSTANT_CONVERSION = YES;
				CLANG_WARN_DEPRECATED_OBJC_IMPLEMENTATIONS = YES;
				CLANG_WARN_DIRECT_OBJC_ISA_USAGE = YES_ERROR;
				CLANG_WARN_DOCUMENTATION_COMMENTS = YES;
				CLANG_WARN_EMPTY_BODY = YES;
				CLANG_WARN_ENUM_CONVERSION = YES;
				CLANG_WARN_INFINITE_RECURSION = YES;
				CLANG_WARN_INT_CONVERSION = YES;
				CLANG_WARN_NON_LITERAL_NULL_CONVERSION = YES;
				CLANG_WARN_OBJC_IMPLICIT_RETAIN_SELF = YES;
				CLANG_WARN_OBJC_LITERAL_CONVERSION = YES;
				CLANG_WARN_OBJC_ROOT_CLASS = YES_ERROR;
				CLANG_WARN_QUOTED_INCLUDE_IN_FRAMEWORK_HEADER = YES;
				CLANG_WARN_RANGE_LOOP_ANALYSIS = YES;
				CLANG_WARN_STRICT_PROTOTYPES = YES;
				CLANG_WARN_SUSPICIOUS_MOVE = YES;
				CLANG_WARN_UNGUARDED_AVAILABILITY = YES_AGGRESSIVE;
				CLANG_WARN_UNREACHABLE_CODE = YES;
				CLANG_WARN__DUPLICATE_METHOD_MATCH = YES;
				COPY_PHASE_STRIP = NO;
				DEBUG_INFORMATION_FORMAT = "dwarf-with-dsym";
				ENABLE_NS_ASSERTIONS = NO;
				ENABLE_STRICT_OBJC_MSGSEND = YES;
				ENABLE_USER_SCRIPT_SANDBOXING = YES;
				GCC_C_LANGUAGE_STANDARD = gnu17;
				GCC_NO_COMMON_BLOCKS = YES;
				GCC_WARN_64_TO_32_BIT_CONVERSION = YES;
				GCC_WARN_ABOUT_RETURN_TYPE = YES_ERROR;
				GCC_WARN_UNDECLARED_SELECTOR = YES;
				GCC_WARN_UNINITIALIZED_AUTOS = YES_AGGRESSIVE;
				GCC_WARN_UNUSED_FUNCTION = YES;
				GCC_WARN_UNUSED_VARIABLE = YES;
				IPHONEOS_DEPLOYMENT_TARGET = 17.4;
				LOCALIZATION_PREFERS_STRING_CATALOGS = YES;
				MTL_ENABLE_DEBUG_INFO = NO;
				MTL_FAST_MATH = YES;
				SDKROOT = iphoneos;
				SWIFT_COMPILATION_MODE = wholemodule;
				VALIDATE_PRODUCT = YES;
			};
			name = Release;
		};
		06F29C992E748277003B0B85 /* Debug */ = {
			isa = XCBuildConfiguration;
			buildSettings = {
				ASSETCATALOG_COMPILER_APPICON_NAME = AppIcon;
				ASSETCATALOG_COMPILER_GLOBAL_ACCENT_COLOR_NAME = AccentColor;
				CODE_SIGN_STYLE = Automatic;
				CURRENT_PROJECT_VERSION = 1;
				DEVELOPMENT_ASSET_PATHS = "\"Bootcamp_Odevi_6/Preview Content\"";
				ENABLE_PREVIEWS = YES;
				GENERATE_INFOPLIST_FILE = YES;
				INFOPLIST_KEY_UIApplicationSceneManifest_Generation = YES;
				INFOPLIST_KEY_UIApplicationSupportsIndirectInputEvents = YES;
				INFOPLIST_KEY_UILaunchScreen_Generation = YES;
				INFOPLIST_KEY_UISupportedInterfaceOrientations_iPad = "UIInterfaceOrientationPortrait UIInterfaceOrientationPortraitUpsideDown UIInterfaceOrientationLandscapeLeft UIInterfaceOrientationLandscapeRight";
				INFOPLIST_KEY_UISupportedInterfaceOrientations_iPhone = "UIInterfaceOrientationPortrait UIInterfaceOrientationLandscapeLeft UIInterfaceOrientationLandscapeRight";
				LD_RUNPATH_SEARCH_PATHS = (
					"$(inherited)",
					"@executable_path/Frameworks",
				);
				MARKETING_VERSION = 1.0;
				PRODUCT_BUNDLE_IDENTIFIER = "com.info.Bootcamp-Odevi-6";
				PRODUCT_NAME = "$(TARGET_NAME)";
				SWIFT_EMIT_LOC_STRINGS = YES;
				SWIFT_VERSION = 5.0;
				TARGETED_DEVICE_FAMILY = "1,2";
			};
			name = Debug;
		};
		06F29C9A2E748277003B0B85 /* Release */ = {
			isa = XCBuildConfiguration;
			buildSettings = {
				ASSETCATALOG_COMPILER_APPICON_NAME = AppIcon;
				ASSETCATALOG_COMPILER_GLOBAL_ACCENT_COLOR_NAME = AccentColor;
				CODE_SIGN_STYLE = Automatic;
				CURRENT_PROJECT_VERSION = 1;
				DEVELOPMENT_ASSET_PATHS = "\"Bootcamp_Odevi_6/Preview Content\"";
				ENABLE_PREVIEWS = YES;
				GENERATE_INFOPLIST_FILE = YES;
				INFOPLIST_KEY_UIApplicationSceneManifest_Generation = YES;
				INFOPLIST_KEY_UIApplicationSupportsIndirectInputEvents = YES;
				INFOPLIST_KEY_UILaunchScreen_Generation = YES;
				INFOPLIST_KEY_UISupportedInterfaceOrientations_iPad = "UIInterfaceOrientationPortrait UIInterfaceOrientationPortraitUpsideDown UIInterfaceOrientationLandscapeLeft UIInterfaceOrientationLandscapeRight";
				INFOPLIST_KEY_UISupportedInterfaceOrientations_iPhone = "UIInterfaceOrientationPortrait UIInterfaceOrientationLandscapeLeft UIInterfaceOrientationLandscapeRight";
				LD_RUNPATH_SEARCH_PATHS = (
					"$(inherited)",
					"@executable_path/Frameworks",
				);
				MARKETING_VERSION = 1.0;
				PRODUCT_BUNDLE_IDENTIFIER = "com.info.Bootcamp-Odevi-6";
				PRODUCT_NAME = "$(TARGET_NAME)";
				SWIFT_EMIT_LOC_STRINGS = YES;
				SWIFT_VERSION = 5.0;
				TARGETED_DEVICE_FAMILY = "1,2";
			};
			name = Release;
		};
/* End XCBuildConfiguration section */

/* Begin XCConfigurationList section */
		06F29C852E748276003B0B85 /* Build configuration list for PBXProject "Bootcamp_Odevi_6" */ = {
			isa = XCConfigurationList;
			buildConfigurations = (
				06F29C962E748277003B0B85 /* Debug */,
				06F29C972E748277003B0B85 /* Release */,
			);
			defaultConfigurationIsVisible = 0;
			defaultConfigurationName = Release;
		};
		06F29C982E748277003B0B85 /* Build configuration list for PBXNativeTarget "Bootcamp_Odevi_6" */ = {
			isa = XCConfigurationList;
			buildConfigurations = (
				06F29C992E748277003B0B85 /* Debug */,
				06F29C9A2E748277003B0B85 /* Release */,
			);
			defaultConfigurationIsVisible = 0;
			defaultConfigurationName = Release;
		};
/* End XCConfigurationList section */
	};
	rootObject = 06F29C822E748276003B0B85 /* Project object */;
}
